
Microsoft Visual Studio Solution File, Format Version 12.00
# Visual Studio Version 17
VisualStudioVersion = 17.0.32112.339
MinimumVisualStudioVersion = 10.0.40219.1
Project("{8BC9CEB8-8B4A-11D0-8D11-00A0C91BC942}") = "BSF-retina-MPI", "BSF-retina-MPI.vcxproj", "{D7FCB3EB-D1B0-45DF-AAF7-7736E70E533C}"
EndProject
Global
	GlobalSection(SolutionConfigurationPlatforms) = preSolution
		Debug|x64 = Debug|x64
		Debug|x86 = Debug|x86
		Release|x64 = Release|x64
		Release|x86 = Release|x86
	EndGlobalSection
	GlobalSection(ProjectConfigurationPlatforms) = postSolution
		{D7FCB3EB-D1B0-45DF-AAF7-7736E70E533C}.Debug|x64.ActiveCfg = Debug|x64
		{D7FCB3EB-D1B0-45DF-AAF7-7736E70E533C}.Debug|x64.Build.0 = Debug|x64
		{D7FCB3EB-D1B0-45DF-AAF7-7736E70E533C}.Debug|x86.ActiveCfg = Debug|Win32
		{D7FCB3EB-D1B0-45DF-AAF7-7736E70E533C}.Debug|x86.Build.0 = Debug|Win32
		{D7FCB3EB-D1B0-45DF-AAF7-7736E70E533C}.Release|x64.ActiveCfg = Release|x64
		{D7FCB3EB-D1B0-45DF-AAF7-7736E70E533C}.Release|x64.Build.0 = Release|x64
		{D7FCB3EB-D1B0-45DF-AAF7-7736E70E533C}.Release|x86.ActiveCfg = Release|Win32
		{D7FCB3EB-D1B0-45DF-AAF7-7736E70E533C}.Release|x86.Build.0 = Release|Win32
	EndGlobalSection
	GlobalSection(SolutionProperties) = preSolution
		HideSolutionNode = FALSE
	EndGlobalSection
	GlobalSection(ExtensibilityGlobals) = postSolution
		SolutionGuid = {AD1BD955-4E22-4633-ACC6-4D6F04CE8CA2}
	EndGlobalSection
EndGlobal
